// !$*UTF8*$!
{
	archiveVersion = 1;
	classes = {
	};
	objectVersion = 46;
	objects = {

/* Begin PBXBuildFile section */
		D34E066517553A69008340BA /* UIKit.framework in Frameworks */ = {isa = PBXBuildFile; fileRef = D34E066417553A69008340BA /* UIKit.framework */; };
		D34E066717553A69008340BA /* Foundation.framework in Frameworks */ = {isa = PBXBuildFile; fileRef = D34E066617553A69008340BA /* Foundation.framework */; };
		D34E066917553A69008340BA /* CoreGraphics.framework in Frameworks */ = {isa = PBXBuildFile; fileRef = D34E066817553A69008340BA /* CoreGraphics.framework */; };
		D34E066F17553A69008340BA /* InfoPlist.strings in Resources */ = {isa = PBXBuildFile; fileRef = D34E066D17553A69008340BA /* InfoPlist.strings */; };
		D34E067117553A69008340BA /* main.m in Sources */ = {isa = PBXBuildFile; fileRef = D34E067017553A69008340BA /* main.m */; };
		D34E067517553A69008340BA /* AppDelegate.m in Sources */ = {isa = PBXBuildFile; fileRef = D34E067417553A69008340BA /* AppDelegate.m */; };
		D34E067717553A69008340BA /* Default.png in Resources */ = {isa = PBXBuildFile; fileRef = D34E067617553A69008340BA /* Default.png */; };
		D34E067917553A69008340BA /* Default@2x.png in Resources */ = {isa = PBXBuildFile; fileRef = D34E067817553A69008340BA /* Default@2x.png */; };
		D34E067B17553A69008340BA /* Default-568h@2x.png in Resources */ = {isa = PBXBuildFile; fileRef = D34E067A17553A69008340BA /* Default-568h@2x.png */; };
		D34E067E17553A69008340BA /* MainStoryboard.storyboard in Resources */ = {isa = PBXBuildFile; fileRef = D34E067C17553A69008340BA /* MainStoryboard.storyboard */; };
		D34E068117553A69008340BA /* ViewController.m in Sources */ = {isa = PBXBuildFile; fileRef = D34E068017553A69008340BA /* ViewController.m */; };
		D34E06E9175667A9008340BA /* mapButtonImage.jpg in Resources */ = {isa = PBXBuildFile; fileRef = D34E06E8175667A9008340BA /* mapButtonImage.jpg */; };
		D34E06EE17566A5C008340BA /* MapKit.framework in Frameworks */ = {isa = PBXBuildFile; fileRef = D34E06ED17566A5C008340BA /* MapKit.framework */; };
		D34E06F017566A63008340BA /* CoreLocation.framework in Frameworks */ = {isa = PBXBuildFile; fileRef = D34E06EF17566A63008340BA /* CoreLocation.framework */; };
		D34E06F217569ADD008340BA /* QuartzCore.framework in Frameworks */ = {isa = PBXBuildFile; fileRef = D34E06F117569ADD008340BA /* QuartzCore.framework */; };
		D34E06F417569D06008340BA /* mapButtonImageZoomed.jpg in Resources */ = {isa = PBXBuildFile; fileRef = D34E06F317569D06008340BA /* mapButtonImageZoomed.jpg */; };
		D3BFC8011757E2EB009EF058 /* MapViewController.m in Sources */ = {isa = PBXBuildFile; fileRef = D365D9871757D96200232B6D /* MapViewController.m */; };
		D3BFC8021757E2EB009EF058 /* DetailViewController.m in Sources */ = {isa = PBXBuildFile; fileRef = D365D97F1757D8AD00232B6D /* DetailViewController.m */; };
		D3BFC8031757E2EB009EF058 /* Venue.m in Sources */ = {isa = PBXBuildFile; fileRef = D365D9811757D8AD00232B6D /* Venue.m */; };
		D3BFC8041757E2EB009EF058 /* VenueAnnotation.m in Sources */ = {isa = PBXBuildFile; fileRef = D365D9831757D8AD00232B6D /* VenueAnnotation.m */; };
		D3BFC8051757E2EB009EF058 /* VenueAnnotationView.m in Sources */ = {isa = PBXBuildFile; fileRef = D365D9851757D8AD00232B6D /* VenueAnnotationView.m */; };
		D3BFC81A1757E6E0009EF058 /* Foursquare2.m in Sources */ = {isa = PBXBuildFile; fileRef = D3BFC80C1757E6E0009EF058 /* Foursquare2.m */; };
		D3BFC81B1757E6E0009EF058 /* FSRequester.m in Sources */ = {isa = PBXBuildFile; fileRef = D3BFC80E1757E6E0009EF058 /* FSRequester.m */; };
		D3BFC81C1757E6E0009EF058 /* FSTargetCallback.m in Sources */ = {isa = PBXBuildFile; fileRef = D3BFC8101757E6E0009EF058 /* FSTargetCallback.m */; };
		D3BFC81D1757E6E0009EF058 /* FSWebLogin.m in Sources */ = {isa = PBXBuildFile; fileRef = D3BFC8121757E6E0009EF058 /* FSWebLogin.m */; };
		D3BFC81F1757E6E0009EF058 /* pin.png in Resources */ = {isa = PBXBuildFile; fileRef = D3BFC8141757E6E0009EF058 /* pin.png */; };
		D3BFC8201757E6E0009EF058 /* pin@2x.png in Resources */ = {isa = PBXBuildFile; fileRef = D3BFC8151757E6E0009EF058 /* pin@2x.png */; };
		D3BFC8211757E6E0009EF058 /* poweredByFoursquare_gray.png in Resources */ = {isa = PBXBuildFile; fileRef = D3BFC8161757E6E0009EF058 /* poweredByFoursquare_gray.png */; };
		D3BFC8221757E6E0009EF058 /* poweredByFoursquare_gray@2x.png in Resources */ = {isa = PBXBuildFile; fileRef = D3BFC8171757E6E0009EF058 /* poweredByFoursquare_gray@2x.png */; };
/* End PBXBuildFile section */

/* Begin PBXFileReference section */
		D34E066117553A69008340BA /* FlickrAPI.app */ = {isa = PBXFileReference; explicitFileType = wrapper.application; includeInIndex = 0; path = FlickrAPI.app; sourceTree = BUILT_PRODUCTS_DIR; };
		D34E066417553A69008340BA /* UIKit.framework */ = {isa = PBXFileReference; lastKnownFileType = wrapper.framework; name = UIKit.framework; path = System/Library/Frameworks/UIKit.framework; sourceTree = SDKROOT; };
		D34E066617553A69008340BA /* Foundation.framework */ = {isa = PBXFileReference; lastKnownFileType = wrapper.framework; name = Foundation.framework; path = System/Library/Frameworks/Foundation.framework; sourceTree = SDKROOT; };
		D34E066817553A69008340BA /* CoreGraphics.framework */ = {isa = PBXFileReference; lastKnownFileType = wrapper.framework; name = CoreGraphics.framework; path = System/Library/Frameworks/CoreGraphics.framework; sourceTree = SDKROOT; };
		D34E066C17553A69008340BA /* FlickrAPI-Info.plist */ = {isa = PBXFileReference; lastKnownFileType = text.plist.xml; path = "FlickrAPI-Info.plist"; sourceTree = "<group>"; };
		D34E066E17553A69008340BA /* en */ = {isa = PBXFileReference; lastKnownFileType = text.plist.strings; name = en; path = en.lproj/InfoPlist.strings; sourceTree = "<group>"; };
		D34E067017553A69008340BA /* main.m */ = {isa = PBXFileReference; lastKnownFileType = sourcecode.c.objc; path = main.m; sourceTree = "<group>"; };
		D34E067217553A69008340BA /* FlickrAPI-Prefix.pch */ = {isa = PBXFileReference; lastKnownFileType = sourcecode.c.h; path = "FlickrAPI-Prefix.pch"; sourceTree = "<group>"; };
		D34E067317553A69008340BA /* AppDelegate.h */ = {isa = PBXFileReference; lastKnownFileType = sourcecode.c.h; path = AppDelegate.h; sourceTree = "<group>"; };
		D34E067417553A69008340BA /* AppDelegate.m */ = {isa = PBXFileReference; lastKnownFileType = sourcecode.c.objc; path = AppDelegate.m; sourceTree = "<group>"; };
		D34E067617553A69008340BA /* Default.png */ = {isa = PBXFileReference; lastKnownFileType = image.png; path = Default.png; sourceTree = "<group>"; };
		D34E067817553A69008340BA /* Default@2x.png */ = {isa = PBXFileReference; lastKnownFileType = image.png; path = "Default@2x.png"; sourceTree = "<group>"; };
		D34E067A17553A69008340BA /* Default-568h@2x.png */ = {isa = PBXFileReference; lastKnownFileType = image.png; path = "Default-568h@2x.png"; sourceTree = "<group>"; };
		D34E067D17553A69008340BA /* en */ = {isa = PBXFileReference; lastKnownFileType = file.storyboard; name = en; path = en.lproj/MainStoryboard.storyboard; sourceTree = "<group>"; };
		D34E067F17553A69008340BA /* ViewController.h */ = {isa = PBXFileReference; lastKnownFileType = sourcecode.c.h; path = ViewController.h; sourceTree = "<group>"; };
		D34E068017553A69008340BA /* ViewController.m */ = {isa = PBXFileReference; lastKnownFileType = sourcecode.c.objc; path = ViewController.m; sourceTree = "<group>"; };
		D34E06E8175667A9008340BA /* mapButtonImage.jpg */ = {isa = PBXFileReference; lastKnownFileType = image.jpeg; path = mapButtonImage.jpg; sourceTree = "<group>"; };
		D34E06ED17566A5C008340BA /* MapKit.framework */ = {isa = PBXFileReference; lastKnownFileType = wrapper.framework; name = MapKit.framework; path = System/Library/Frameworks/MapKit.framework; sourceTree = SDKROOT; };
		D34E06EF17566A63008340BA /* CoreLocation.framework */ = {isa = PBXFileReference; lastKnownFileType = wrapper.framework; name = CoreLocation.framework; path = System/Library/Frameworks/CoreLocation.framework; sourceTree = SDKROOT; };
		D34E06F117569ADD008340BA /* QuartzCore.framework */ = {isa = PBXFileReference; lastKnownFileType = wrapper.framework; name = QuartzCore.framework; path = System/Library/Frameworks/QuartzCore.framework; sourceTree = SDKROOT; };
		D34E06F317569D06008340BA /* mapButtonImageZoomed.jpg */ = {isa = PBXFileReference; lastKnownFileType = image.jpeg; path = mapButtonImageZoomed.jpg; sourceTree = "<group>"; };
		D365D97E1757D8AD00232B6D /* DetailViewController.h */ = {isa = PBXFileReference; lastKnownFileType = sourcecode.c.h; path = DetailViewController.h; sourceTree = "<group>"; };
		D365D97F1757D8AD00232B6D /* DetailViewController.m */ = {isa = PBXFileReference; lastKnownFileType = sourcecode.c.objc; path = DetailViewController.m; sourceTree = "<group>"; };
		D365D9801757D8AD00232B6D /* Venue.h */ = {isa = PBXFileReference; lastKnownFileType = sourcecode.c.h; path = Venue.h; sourceTree = "<group>"; };
		D365D9811757D8AD00232B6D /* Venue.m */ = {isa = PBXFileReference; lastKnownFileType = sourcecode.c.objc; path = Venue.m; sourceTree = "<group>"; };
		D365D9821757D8AD00232B6D /* VenueAnnotation.h */ = {isa = PBXFileReference; lastKnownFileType = sourcecode.c.h; path = VenueAnnotation.h; sourceTree = "<group>"; };
		D365D9831757D8AD00232B6D /* VenueAnnotation.m */ = {isa = PBXFileReference; lastKnownFileType = sourcecode.c.objc; path = VenueAnnotation.m; sourceTree = "<group>"; };
		D365D9841757D8AD00232B6D /* VenueAnnotationView.h */ = {isa = PBXFileReference; lastKnownFileType = sourcecode.c.h; path = VenueAnnotationView.h; sourceTree = "<group>"; };
		D365D9851757D8AD00232B6D /* VenueAnnotationView.m */ = {isa = PBXFileReference; lastKnownFileType = sourcecode.c.objc; path = VenueAnnotationView.m; sourceTree = "<group>"; };
		D365D9861757D96200232B6D /* MapViewController.h */ = {isa = PBXFileReference; lastKnownFileType = sourcecode.c.h; path = MapViewController.h; sourceTree = "<group>"; };
		D365D9871757D96200232B6D /* MapViewController.m */ = {isa = PBXFileReference; lastKnownFileType = sourcecode.c.objc; path = MapViewController.m; sourceTree = "<group>"; };
		D3BFC80B1757E6E0009EF058 /* Foursquare2.h */ = {isa = PBXFileReference; fileEncoding = 4; lastKnownFileType = sourcecode.c.h; path = Foursquare2.h; sourceTree = "<group>"; };
		D3BFC80C1757E6E0009EF058 /* Foursquare2.m */ = {isa = PBXFileReference; fileEncoding = 4; lastKnownFileType = sourcecode.c.objc; path = Foursquare2.m; sourceTree = "<group>"; };
		D3BFC80D1757E6E0009EF058 /* FSRequester.h */ = {isa = PBXFileReference; fileEncoding = 4; lastKnownFileType = sourcecode.c.h; path = FSRequester.h; sourceTree = "<group>"; };
		D3BFC80E1757E6E0009EF058 /* FSRequester.m */ = {isa = PBXFileReference; fileEncoding = 4; lastKnownFileType = sourcecode.c.objc; path = FSRequester.m; sourceTree = "<group>"; };
		D3BFC80F1757E6E0009EF058 /* FSTargetCallback.h */ = {isa = PBXFileReference; fileEncoding = 4; lastKnownFileType = sourcecode.c.h; path = FSTargetCallback.h; sourceTree = "<group>"; };
		D3BFC8101757E6E0009EF058 /* FSTargetCallback.m */ = {isa = PBXFileReference; fileEncoding = 4; lastKnownFileType = sourcecode.c.objc; path = FSTargetCallback.m; sourceTree = "<group>"; };
		D3BFC8111757E6E0009EF058 /* FSWebLogin.h */ = {isa = PBXFileReference; fileEncoding = 4; lastKnownFileType = sourcecode.c.h; path = FSWebLogin.h; sourceTree = "<group>"; };
		D3BFC8121757E6E0009EF058 /* FSWebLogin.m */ = {isa = PBXFileReference; fileEncoding = 4; lastKnownFileType = sourcecode.c.objc; path = FSWebLogin.m; sourceTree = "<group>"; };
		D3BFC8141757E6E0009EF058 /* pin.png */ = {isa = PBXFileReference; lastKnownFileType = image.png; path = pin.png; sourceTree = "<group>"; };
		D3BFC8151757E6E0009EF058 /* pin@2x.png */ = {isa = PBXFileReference; lastKnownFileType = image.png; path = "pin@2x.png"; sourceTree = "<group>"; };
		D3BFC8161757E6E0009EF058 /* poweredByFoursquare_gray.png */ = {isa = PBXFileReference; lastKnownFileType = image.png; path = poweredByFoursquare_gray.png; sourceTree = "<group>"; };
		D3BFC8171757E6E0009EF058 /* poweredByFoursquare_gray@2x.png */ = {isa = PBXFileReference; lastKnownFileType = image.png; path = "poweredByFoursquare_gray@2x.png"; sourceTree = "<group>"; };
/* End PBXFileReference section */

/* Begin PBXFrameworksBuildPhase section */
		D34E065E17553A69008340BA /* Frameworks */ = {
			isa = PBXFrameworksBuildPhase;
			buildActionMask = 2147483647;
			files = (
				D34E06F217569ADD008340BA /* QuartzCore.framework in Frameworks */,
				D34E06F017566A63008340BA /* CoreLocation.framework in Frameworks */,
				D34E06EE17566A5C008340BA /* MapKit.framework in Frameworks */,
				D34E066517553A69008340BA /* UIKit.framework in Frameworks */,
				D34E066717553A69008340BA /* Foundation.framework in Frameworks */,
				D34E066917553A69008340BA /* CoreGraphics.framework in Frameworks */,
			);
			runOnlyForDeploymentPostprocessing = 0;
		};
/* End PBXFrameworksBuildPhase section */

/* Begin PBXGroup section */
		D34E065817553A69008340BA = {
			isa = PBXGroup;
			children = (
				D34E066A17553A69008340BA /* FlickrAPI */,
				D3BFC80A1757E6E0009EF058 /* Foursquare2 */,
				D34E066317553A69008340BA /* Frameworks */,
				D34E066217553A69008340BA /* Products */,
			);
			sourceTree = "<group>";
		};
		D34E066217553A69008340BA /* Products */ = {
			isa = PBXGroup;
			children = (
				D34E066117553A69008340BA /* FlickrAPI.app */,
			);
			name = Products;
			sourceTree = "<group>";
		};
		D34E066317553A69008340BA /* Frameworks */ = {
			isa = PBXGroup;
			children = (
				D34E06F117569ADD008340BA /* QuartzCore.framework */,
				D34E06EF17566A63008340BA /* CoreLocation.framework */,
				D34E06ED17566A5C008340BA /* MapKit.framework */,
				D34E066417553A69008340BA /* UIKit.framework */,
				D34E066617553A69008340BA /* Foundation.framework */,
				D34E066817553A69008340BA /* CoreGraphics.framework */,
			);
			name = Frameworks;
			sourceTree = "<group>";
		};
		D34E066A17553A69008340BA /* FlickrAPI */ = {
			isa = PBXGroup;
			children = (
				D34E067317553A69008340BA /* AppDelegate.h */,
				D34E067417553A69008340BA /* AppDelegate.m */,
				D34E067C17553A69008340BA /* MainStoryboard.storyboard */,
				D365D9861757D96200232B6D /* MapViewController.h */,
				D365D9871757D96200232B6D /* MapViewController.m */,
				D365D97E1757D8AD00232B6D /* DetailViewController.h */,
				D365D97F1757D8AD00232B6D /* DetailViewController.m */,
				D365D9801757D8AD00232B6D /* Venue.h */,
				D365D9811757D8AD00232B6D /* Venue.m */,
				D365D9821757D8AD00232B6D /* VenueAnnotation.h */,
				D365D9831757D8AD00232B6D /* VenueAnnotation.m */,
				D365D9841757D8AD00232B6D /* VenueAnnotationView.h */,
				D365D9851757D8AD00232B6D /* VenueAnnotationView.m */,
				D34E067F17553A69008340BA /* ViewController.h */,
				D34E068017553A69008340BA /* ViewController.m */,
				D34E066B17553A69008340BA /* Supporting Files */,
			);
			path = FlickrAPI;
			sourceTree = "<group>";
		};
		D34E066B17553A69008340BA /* Supporting Files */ = {
			isa = PBXGroup;
			children = (
				D34E06F317569D06008340BA /* mapButtonImageZoomed.jpg */,
				D34E06E8175667A9008340BA /* mapButtonImage.jpg */,
				D34E066C17553A69008340BA /* FlickrAPI-Info.plist */,
				D34E066D17553A69008340BA /* InfoPlist.strings */,
				D34E067017553A69008340BA /* main.m */,
				D34E067217553A69008340BA /* FlickrAPI-Prefix.pch */,
				D34E067617553A69008340BA /* Default.png */,
				D34E067817553A69008340BA /* Default@2x.png */,
				D34E067A17553A69008340BA /* Default-568h@2x.png */,
			);
			name = "Supporting Files";
			sourceTree = "<group>";
		};
		D3BFC80A1757E6E0009EF058 /* Foursquare2 */ = {
			isa = PBXGroup;
			children = (
				D3BFC80B1757E6E0009EF058 /* Foursquare2.h */,
				D3BFC80C1757E6E0009EF058 /* Foursquare2.m */,
				D3BFC80D1757E6E0009EF058 /* FSRequester.h */,
				D3BFC80E1757E6E0009EF058 /* FSRequester.m */,
				D3BFC80F1757E6E0009EF058 /* FSTargetCallback.h */,
				D3BFC8101757E6E0009EF058 /* FSTargetCallback.m */,
				D3BFC8111757E6E0009EF058 /* FSWebLogin.h */,
				D3BFC8121757E6E0009EF058 /* FSWebLogin.m */,
				D3BFC8141757E6E0009EF058 /* pin.png */,
				D3BFC8151757E6E0009EF058 /* pin@2x.png */,
				D3BFC8161757E6E0009EF058 /* poweredByFoursquare_gray.png */,
				D3BFC8171757E6E0009EF058 /* poweredByFoursquare_gray@2x.png */,
			);
			path = Foursquare2;
			sourceTree = "<group>";
		};
/* End PBXGroup section */

/* Begin PBXNativeTarget section */
		D34E066017553A69008340BA /* FlickrAPI */ = {
			isa = PBXNativeTarget;
			buildConfigurationList = D34E068417553A69008340BA /* Build configuration list for PBXNativeTarget "FlickrAPI" */;
			buildPhases = (
				D34E065D17553A69008340BA /* Sources */,
				D34E065E17553A69008340BA /* Frameworks */,
				D34E065F17553A69008340BA /* Resources */,
			);
			buildRules = (
			);
			dependencies = (
			);
			name = FlickrAPI;
			productName = FlickrAPI;
			productReference = D34E066117553A69008340BA /* FlickrAPI.app */;
			productType = "com.apple.product-type.application";
		};
/* End PBXNativeTarget section */

/* Begin PBXProject section */
		D34E065917553A69008340BA /* Project object */ = {
			isa = PBXProject;
			attributes = {
				LastUpgradeCheck = 0460;
				ORGANIZATIONNAME = "Brian Lewis";
			};
			buildConfigurationList = D34E065C17553A69008340BA /* Build configuration list for PBXProject "FlickrAPI" */;
			compatibilityVersion = "Xcode 3.2";
			developmentRegion = English;
			hasScannedForEncodings = 0;
			knownRegions = (
				en,
			);
			mainGroup = D34E065817553A69008340BA;
			productRefGroup = D34E066217553A69008340BA /* Products */;
			projectDirPath = "";
			projectRoot = "";
			targets = (
				D34E066017553A69008340BA /* FlickrAPI */,
			);
		};
/* End PBXProject section */

/* Begin PBXResourcesBuildPhase section */
		D34E065F17553A69008340BA /* Resources */ = {
			isa = PBXResourcesBuildPhase;
			buildActionMask = 2147483647;
			files = (
				D34E066F17553A69008340BA /* InfoPlist.strings in Resources */,
				D34E067717553A69008340BA /* Default.png in Resources */,
				D34E067917553A69008340BA /* Default@2x.png in Resources */,
				D34E067B17553A69008340BA /* Default-568h@2x.png in Resources */,
				D34E067E17553A69008340BA /* MainStoryboard.storyboard in Resources */,
				D34E06E9175667A9008340BA /* mapButtonImage.jpg in Resources */,
				D34E06F417569D06008340BA /* mapButtonImageZoomed.jpg in Resources */,
				D3BFC81F1757E6E0009EF058 /* pin.png in Resources */,
				D3BFC8201757E6E0009EF058 /* pin@2x.png in Resources */,
				D3BFC8211757E6E0009EF058 /* poweredByFoursquare_gray.png in Resources */,
				D3BFC8221757E6E0009EF058 /* poweredByFoursquare_gray@2x.png in Resources */,
			);
			runOnlyForDeploymentPostprocessing = 0;
		};
/* End PBXResourcesBuildPhase section */

/* Begin PBXSourcesBuildPhase section */
		D34E065D17553A69008340BA /* Sources */ = {
			isa = PBXSourcesBuildPhase;
			buildActionMask = 2147483647;
			files = (
				D3BFC8011757E2EB009EF058 /* MapViewController.m in Sources */,
				D3BFC8021757E2EB009EF058 /* DetailViewController.m in Sources */,
				D3BFC8031757E2EB009EF058 /* Venue.m in Sources */,
				D3BFC8041757E2EB009EF058 /* VenueAnnotation.m in Sources */,
				D3BFC8051757E2EB009EF058 /* VenueAnnotationView.m in Sources */,
				D34E067117553A69008340BA /* main.m in Sources */,
				D34E067517553A69008340BA /* AppDelegate.m in Sources */,
				D34E068117553A69008340BA /* ViewController.m in Sources */,
				D3BFC81A1757E6E0009EF058 /* Foursquare2.m in Sources */,
				D3BFC81B1757E6E0009EF058 /* FSRequester.m in Sources */,
				D3BFC81C1757E6E0009EF058 /* FSTargetCallback.m in Sources */,
				D3BFC81D1757E6E0009EF058 /* FSWebLogin.m in Sources */,
			);
			runOnlyForDeploymentPostprocessing = 0;
		};
/* End PBXSourcesBuildPhase section */

/* Begin PBXVariantGroup section */
		D34E066D17553A69008340BA /* InfoPlist.strings */ = {
			isa = PBXVariantGroup;
			children = (
				D34E066E17553A69008340BA /* en */,
			);
			name = InfoPlist.strings;
			sourceTree = "<group>";
		};
		D34E067C17553A69008340BA /* MainStoryboard.storyboard */ = {
			isa = PBXVariantGroup;
			children = (
				D34E067D17553A69008340BA /* en */,
			);
			name = MainStoryboard.storyboard;
			sourceTree = "<group>";
		};
/* End PBXVariantGroup section */

/* Begin XCBuildConfiguration section */
		D34E068217553A69008340BA /* Debug */ = {
			isa = XCBuildConfiguration;
			buildSettings = {
				ALWAYS_SEARCH_USER_PATHS = NO;
				CLANG_CXX_LANGUAGE_STANDARD = "gnu++0x";
				CLANG_CXX_LIBRARY = "libc++";
				CLANG_ENABLE_OBJC_ARC = YES;
				CLANG_WARN_CONSTANT_CONVERSION = YES;
				CLANG_WARN_EMPTY_BODY = YES;
				CLANG_WARN_ENUM_CONVERSION = YES;
				CLANG_WARN_INT_CONVERSION = YES;
				CLANG_WARN__DUPLICATE_METHOD_MATCH = YES;
				"CODE_SIGN_IDENTITY[sdk=iphoneos*]" = "iPhone Developer";
				COPY_PHASE_STRIP = NO;
				GCC_C_LANGUAGE_STANDARD = gnu99;
				GCC_DYNAMIC_NO_PIC = NO;
				GCC_OPTIMIZATION_LEVEL = 0;
				GCC_PREPROCESSOR_DEFINITIONS = (
					"DEBUG=1",
					"$(inherited)",
				);
				GCC_SYMBOLS_PRIVATE_EXTERN = NO;
				GCC_WARN_ABOUT_RETURN_TYPE = YES;
				GCC_WARN_UNINITIALIZED_AUTOS = YES;
				GCC_WARN_UNUSED_VARIABLE = YES;
				IPHONEOS_DEPLOYMENT_TARGET = 6.1;
				ONLY_ACTIVE_ARCH = YES;
				SDKROOT = iphoneos;
			};
			name = Debug;
		};
		D34E068317553A69008340BA /* Release */ = {
			isa = XCBuildConfiguration;
			buildSettings = {
				ALWAYS_SEARCH_USER_PATHS = NO;
				CLANG_CXX_LANGUAGE_STANDARD = "gnu++0x";
				CLANG_CXX_LIBRARY = "libc++";
				CLANG_ENABLE_OBJC_ARC = YES;
				CLANG_WARN_CONSTANT_CONVERSION = YES;
				CLANG_WARN_EMPTY_BODY = YES;
				CLANG_WARN_ENUM_CONVERSION = YES;
				CLANG_WARN_INT_CONVERSION = YES;
				CLANG_WARN__DUPLICATE_METHOD_MATCH = YES;
				"CODE_SIGN_IDENTITY[sdk=iphoneos*]" = "iPhone Developer";
				COPY_PHASE_STRIP = YES;
				GCC_C_LANGUAGE_STANDARD = gnu99;
				GCC_WARN_ABOUT_RETURN_TYPE = YES;
				GCC_WARN_UNINITIALIZED_AUTOS = YES;
				GCC_WARN_UNUSED_VARIABLE = YES;
				IPHONEOS_DEPLOYMENT_TARGET = 6.1;
				OTHER_CFLAGS = "-DNS_BLOCK_ASSERTIONS=1";
				SDKROOT = iphoneos;
				VALIDATE_PRODUCT = YES;
			};
			name = Release;
		};
		D34E068517553A69008340BA /* Debug */ = {
			isa = XCBuildConfiguration;
			buildSettings = {
				GCC_PRECOMPILE_PREFIX_HEADER = YES;
				GCC_PREFIX_HEADER = "FlickrAPI/FlickrAPI-Prefix.pch";
				INFOPLIST_FILE = "FlickrAPI/FlickrAPI-Info.plist";
				PRODUCT_NAME = "$(TARGET_NAME)";
				WRAPPER_EXTENSION = app;
			};
			name = Debug;
		};
		D34E068617553A69008340BA /* Release */ = {
			isa = XCBuildConfiguration;
			buildSettings = {
				GCC_PRECOMPILE_PREFIX_HEADER = YES;
				GCC_PREFIX_HEADER = "FlickrAPI/FlickrAPI-Prefix.pch";
				INFOPLIST_FILE = "FlickrAPI/FlickrAPI-Info.plist";
				PRODUCT_NAME = "$(TARGET_NAME)";
				WRAPPER_EXTENSION = app;
			};
			name = Release;
		};
/* End XCBuildConfiguration section */

/* Begin XCConfigurationList section */
		D34E065C17553A69008340BA /* Build configuration list for PBXProject "FlickrAPI" */ = {
			isa = XCConfigurationList;
			buildConfigurations = (
				D34E068217553A69008340BA /* Debug */,
				D34E068317553A69008340BA /* Release */,
			);
			defaultConfigurationIsVisible = 0;
			defaultConfigurationName = Release;
		};
		D34E068417553A69008340BA /* Build configuration list for PBXNativeTarget "FlickrAPI" */ = {
			isa = XCConfigurationList;
			buildConfigurations = (
				D34E068517553A69008340BA /* Debug */,
				D34E068617553A69008340BA /* Release */,
			);
			defaultConfigurationIsVisible = 0;
			defaultConfigurationName = Release;
		};
/* End XCConfigurationList section */
	};
	rootObject = D34E065917553A69008340BA /* Project object */;
}
